
Microsoft Visual Studio Solution File, Format Version 12.00
# Visual Studio Version 16
VisualStudioVersion = 16.0.28809.33
MinimumVisualStudioVersion = 10.0.40219.1
Project("{FAE04EC0-301F-11D3-BF4B-00C04F79EFBC}") = "Face", "Face\Face.csproj", "{FDE15213-D48A-451C-A916-F944EA6D66B5}"
EndProject
Project("{FAE04EC0-301F-11D3-BF4B-00C04F79EFBC}") = "FaceTests", "FaceTests\FaceTests.csproj", "{7BE80A68-082E-4B90-88B7-FE8FA249D5D7}"
EndProject
Global
	GlobalSection(SolutionConfigurationPlatforms) = preSolution
		Debug|Any CPU = Debug|Any CPU
		Debug|x86 = Debug|x86
		Release|Any CPU = Release|Any CPU
		Release|x86 = Release|x86
	EndGlobalSection
	GlobalSection(ProjectConfigurationPlatforms) = postSolution
		{FDE15213-D48A-451C-A916-F944EA6D66B5}.Debug|Any CPU.ActiveCfg = Debug|Any CPU
		{FDE15213-D48A-451C-A916-F944EA6D66B5}.Debug|Any CPU.Build.0 = Debug|Any CPU
		{FDE15213-D48A-451C-A916-F944EA6D66B5}.Debug|x86.ActiveCfg = Debug|x86
		{FDE15213-D48A-451C-A916-F944EA6D66B5}.Debug|x86.Build.0 = Debug|x86
		{FDE15213-D48A-451C-A916-F944EA6D66B5}.Release|Any CPU.ActiveCfg = Release|Any CPU
		{FDE15213-D48A-451C-A916-F944EA6D66B5}.Release|Any CPU.Build.0 = Release|Any CPU
		{FDE15213-D48A-451C-A916-F944EA6D66B5}.Release|x86.ActiveCfg = Release|x86
		{FDE15213-D48A-451C-A916-F944EA6D66B5}.Release|x86.Build.0 = Release|x86
		{7BE80A68-082E-4B90-88B7-FE8FA249D5D7}.Debug|Any CPU.ActiveCfg = Debug|Any CPU
		{7BE80A68-082E-4B90-88B7-FE8FA249D5D7}.Debug|Any CPU.Build.0 = Debug|Any CPU
		{7BE80A68-082E-4B90-88B7-FE8FA249D5D7}.Debug|x86.ActiveCfg = Debug|x86
		{7BE80A68-082E-4B90-88B7-FE8FA249D5D7}.Debug|x86.Build.0 = Debug|x86
		{7BE80A68-082E-4B90-88B7-FE8FA249D5D7}.Release|Any CPU.ActiveCfg = Release|Any CPU
		{7BE80A68-082E-4B90-88B7-FE8FA249D5D7}.Release|Any CPU.Build.0 = Release|Any CPU
		{7BE80A68-082E-4B90-88B7-FE8FA249D5D7}.Release|x86.ActiveCfg = Release|Any CPU
		{7BE80A68-082E-4B90-88B7-FE8FA249D5D7}.Release|x86.Build.0 = Release|Any CPU
	EndGlobalSection
	GlobalSection(SolutionProperties) = preSolution
		HideSolutionNode = FALSE
	EndGlobalSection
	GlobalSection(ExtensibilityGlobals) = postSolution
		SolutionGuid = {D1D9C32C-8DBB-4795-B0E0-830323C4DB7F}
	EndGlobalSection
EndGlobal
